// !$*UTF8*$!
{
	archiveVersion = 1;
	classes = {
	};
	objectVersion = 50;
	objects = {

/* Begin PBXBuildFile section */
		7B151C662519DA9000FA1CB1 /* AppDelegate.swift in Sources */ = {isa = PBXBuildFile; fileRef = 7B151C652519DA9000FA1CB1 /* AppDelegate.swift */; };
		7B151C682519DA9000FA1CB1 /* SceneDelegate.swift in Sources */ = {isa = PBXBuildFile; fileRef = 7B151C672519DA9000FA1CB1 /* SceneDelegate.swift */; };
		7B151C6A2519DA9000FA1CB1 /* ViewController.swift in Sources */ = {isa = PBXBuildFile; fileRef = 7B151C692519DA9000FA1CB1 /* ViewController.swift */; };
		7B151C6D2519DA9000FA1CB1 /* Main.storyboard in Resources */ = {isa = PBXBuildFile; fileRef = 7B151C6B2519DA9000FA1CB1 /* Main.storyboard */; };
		7B151C6F2519DA9200FA1CB1 /* Assets.xcassets in Resources */ = {isa = PBXBuildFile; fileRef = 7B151C6E2519DA9200FA1CB1 /* Assets.xcassets */; };
		7B151C722519DA9200FA1CB1 /* LaunchScreen.storyboard in Resources */ = {isa = PBXBuildFile; fileRef = 7B151C702519DA9200FA1CB1 /* LaunchScreen.storyboard */; };
		7B151C7D2519DA9200FA1CB1 /* flashlightTests.swift in Sources */ = {isa = PBXBuildFile; fileRef = 7B151C7C2519DA9200FA1CB1 /* flashlightTests.swift */; };
		7B151C882519DA9200FA1CB1 /* flashlightUITests.swift in Sources */ = {isa = PBXBuildFile; fileRef = 7B151C872519DA9200FA1CB1 /* flashlightUITests.swift */; };
/* End PBXBuildFile section */

/* Begin PBXContainerItemProxy section */
		7B151C792519DA9200FA1CB1 /* PBXContainerItemProxy */ = {
			isa = PBXContainerItemProxy;
			containerPortal = 7B151C5A2519DA9000FA1CB1 /* Project object */;
			proxyType = 1;
			remoteGlobalIDString = 7B151C612519DA9000FA1CB1;
			remoteInfo = flashlight;
		};
		7B151C842519DA9200FA1CB1 /* PBXContainerItemProxy */ = {
			isa = PBXContainerItemProxy;
			containerPortal = 7B151C5A2519DA9000FA1CB1 /* Project object */;
			proxyType = 1;
			remoteGlobalIDString = 7B151C612519DA9000FA1CB1;
			remoteInfo = flashlight;
		};
/* End PBXContainerItemProxy section */

/* Begin PBXFileReference section */
		7B151C622519DA9000FA1CB1 /* flashlight.app */ = {isa = PBXFileReference; explicitFileType = wrapper.application; includeInIndex = 0; path = flashlight.app; sourceTree = BUILT_PRODUCTS_DIR; };
		7B151C652519DA9000FA1CB1 /* AppDelegate.swift */ = {isa = PBXFileReference; lastKnownFileType = sourcecode.swift; path = AppDelegate.swift; sourceTree = "<group>"; };
		7B151C672519DA9000FA1CB1 /* SceneDelegate.swift */ = {isa = PBXFileReference; lastKnownFileType = sourcecode.swift; path = SceneDelegate.swift; sourceTree = "<group>"; };
		7B151C692519DA9000FA1CB1 /* ViewController.swift */ = {isa = PBXFileReference; lastKnownFileType = sourcecode.swift; path = ViewController.swift; sourceTree = "<group>"; };
		7B151C6C2519DA9000FA1CB1 /* Base */ = {isa = PBXFileReference; lastKnownFileType = file.storyboard; name = Base; path = Base.lproj/Main.storyboard; sourceTree = "<group>"; };
		7B151C6E2519DA9200FA1CB1 /* Assets.xcassets */ = {isa = PBXFileReference; lastKnownFileType = folder.assetcatalog; path = Assets.xcassets; sourceTree = "<group>"; };
		7B151C712519DA9200FA1CB1 /* Base */ = {isa = PBXFileReference; lastKnownFileType = file.storyboard; name = Base; path = Base.lproj/LaunchScreen.storyboard; sourceTree = "<group>"; };
		7B151C732519DA9200FA1CB1 /* Info.plist */ = {isa = PBXFileReference; lastKnownFileType = text.plist.xml; path = Info.plist; sourceTree = "<group>"; };
		7B151C782519DA9200FA1CB1 /* flashlightTests.xctest */ = {isa = PBXFileReference; explicitFileType = wrapper.cfbundle; includeInIndex = 0; path = flashlightTests.xctest; sourceTree = BUILT_PRODUCTS_DIR; };
		7B151C7C2519DA9200FA1CB1 /* flashlightTests.swift */ = {isa = PBXFileReference; lastKnownFileType = sourcecode.swift; path = flashlightTests.swift; sourceTree = "<group>"; };
		7B151C7E2519DA9200FA1CB1 /* Info.plist */ = {isa = PBXFileReference; lastKnownFileType = text.plist.xml; path = Info.plist; sourceTree = "<group>"; };
		7B151C832519DA9200FA1CB1 /* flashlightUITests.xctest */ = {isa = PBXFileReference; explicitFileType = wrapper.cfbundle; includeInIndex = 0; path = flashlightUITests.xctest; sourceTree = BUILT_PRODUCTS_DIR; };
		7B151C872519DA9200FA1CB1 /* flashlightUITests.swift */ = {isa = PBXFileReference; lastKnownFileType = sourcecode.swift; path = flashlightUITests.swift; sourceTree = "<group>"; };
		7B151C892519DA9200FA1CB1 /* Info.plist */ = {isa = PBXFileReference; lastKnownFileType = text.plist.xml; path = Info.plist; sourceTree = "<group>"; };
/* End PBXFileReference section */

/* Begin PBXFrameworksBuildPhase section */
		7B151C5F2519DA9000FA1CB1 /* Frameworks */ = {
			isa = PBXFrameworksBuildPhase;
			buildActionMask = 2147483647;
			files = (
			);
			runOnlyForDeploymentPostprocessing = 0;
		};
		7B151C752519DA9200FA1CB1 /* Frameworks */ = {
			isa = PBXFrameworksBuildPhase;
			buildActionMask = 2147483647;
			files = (
			);
			runOnlyForDeploymentPostprocessing = 0;
		};
		7B151C802519DA9200FA1CB1 /* Frameworks */ = {
			isa = PBXFrameworksBuildPhase;
			buildActionMask = 2147483647;
			files = (
			);
			runOnlyForDeploymentPostprocessing = 0;
		};
/* End PBXFrameworksBuildPhase section */

/* Begin PBXGroup section */
		7B151C592519DA9000FA1CB1 = {
			isa = PBXGroup;
			children = (
				7B151C642519DA9000FA1CB1 /* flashlight */,
				7B151C7B2519DA9200FA1CB1 /* flashlightTests */,
				7B151C862519DA9200FA1CB1 /* flashlightUITests */,
				7B151C632519DA9000FA1CB1 /* Products */,
			);
			sourceTree = "<group>";
		};
		7B151C632519DA9000FA1CB1 /* Products */ = {
			isa = PBXGroup;
			children = (
				7B151C622519DA9000FA1CB1 /* flashlight.app */,
				7B151C782519DA9200FA1CB1 /* flashlightTests.xctest */,
				7B151C832519DA9200FA1CB1 /* flashlightUITests.xctest */,
			);
			name = Products;
			sourceTree = "<group>";
		};
		7B151C642519DA9000FA1CB1 /* flashlight */ = {
			isa = PBXGroup;
			children = (
				7B151C652519DA9000FA1CB1 /* AppDelegate.swift */,
				7B151C672519DA9000FA1CB1 /* SceneDelegate.swift */,
				7B151C692519DA9000FA1CB1 /* ViewController.swift */,
				7B151C6B2519DA9000FA1CB1 /* Main.storyboard */,
				7B151C6E2519DA9200FA1CB1 /* Assets.xcassets */,
				7B151C702519DA9200FA1CB1 /* LaunchScreen.storyboard */,
				7B151C732519DA9200FA1CB1 /* Info.plist */,
			);
			path = flashlight;
			sourceTree = "<group>";
		};
		7B151C7B2519DA9200FA1CB1 /* flashlightTests */ = {
			isa = PBXGroup;
			children = (
				7B151C7C2519DA9200FA1CB1 /* flashlightTests.swift */,
				7B151C7E2519DA9200FA1CB1 /* Info.plist */,
			);
			path = flashlightTests;
			sourceTree = "<group>";
		};
		7B151C862519DA9200FA1CB1 /* flashlightUITests */ = {
			isa = PBXGroup;
			children = (
				7B151C872519DA9200FA1CB1 /* flashlightUITests.swift */,
				7B151C892519DA9200FA1CB1 /* Info.plist */,
			);
			path = flashlightUITests;
			sourceTree = "<group>";
		};
/* End PBXGroup section */

/* Begin PBXNativeTarget section */
		7B151C612519DA9000FA1CB1 /* flashlight */ = {
			isa = PBXNativeTarget;
			buildConfigurationList = 7B151C8C2519DA9200FA1CB1 /* Build configuration list for PBXNativeTarget "flashlight" */;
			buildPhases = (
				7B151C5E2519DA9000FA1CB1 /* Sources */,
				7B151C5F2519DA9000FA1CB1 /* Frameworks */,
				7B151C602519DA9000FA1CB1 /* Resources */,
			);
			buildRules = (
			);
			dependencies = (
			);
			name = flashlight;
			productName = flashlight;
			productReference = 7B151C622519DA9000FA1CB1 /* flashlight.app */;
			productType = "com.apple.product-type.application";
		};
		7B151C772519DA9200FA1CB1 /* flashlightTests */ = {
			isa = PBXNativeTarget;
			buildConfigurationList = 7B151C8F2519DA9200FA1CB1 /* Build configuration list for PBXNativeTarget "flashlightTests" */;
			buildPhases = (
				7B151C742519DA9200FA1CB1 /* Sources */,
				7B151C752519DA9200FA1CB1 /* Frameworks */,
				7B151C762519DA9200FA1CB1 /* Resources */,
			);
			buildRules = (
			);
			dependencies = (
				7B151C7A2519DA9200FA1CB1 /* PBXTargetDependency */,
			);
			name = flashlightTests;
			productName = flashlightTests;
			productReference = 7B151C782519DA9200FA1CB1 /* flashlightTests.xctest */;
			productType = "com.apple.product-type.bundle.unit-test";
		};
		7B151C822519DA9200FA1CB1 /* flashlightUITests */ = {
			isa = PBXNativeTarget;
			buildConfigurationList = 7B151C922519DA9200FA1CB1 /* Build configuration list for PBXNativeTarget "flashlightUITests" */;
			buildPhases = (
				7B151C7F2519DA9200FA1CB1 /* Sources */,
				7B151C802519DA9200FA1CB1 /* Frameworks */,
				7B151C812519DA9200FA1CB1 /* Resources */,
			);
			buildRules = (
			);
			dependencies = (
				7B151C852519DA9200FA1CB1 /* PBXTargetDependency */,
			);
			name = flashlightUITests;
			productName = flashlightUITests;
			productReference = 7B151C832519DA9200FA1CB1 /* flashlightUITests.xctest */;
			productType = "com.apple.product-type.bundle.ui-testing";
		};
/* End PBXNativeTarget section */

/* Begin PBXProject section */
		7B151C5A2519DA9000FA1CB1 /* Project object */ = {
			isa = PBXProject;
			attributes = {
				LastSwiftUpdateCheck = 1170;
				LastUpgradeCheck = 1170;
				ORGANIZATIONNAME = nju;
				TargetAttributes = {
					7B151C612519DA9000FA1CB1 = {
						CreatedOnToolsVersion = 11.7;
					};
					7B151C772519DA9200FA1CB1 = {
						CreatedOnToolsVersion = 11.7;
						TestTargetID = 7B151C612519DA9000FA1CB1;
					};
					7B151C822519DA9200FA1CB1 = {
						CreatedOnToolsVersion = 11.7;
						TestTargetID = 7B151C612519DA9000FA1CB1;
					};
				};
			};
			buildConfigurationList = 7B151C5D2519DA9000FA1CB1 /* Build configuration list for PBXProject "flashlight" */;
			compatibilityVersion = "Xcode 9.3";
			developmentRegion = en;
			hasScannedForEncodings = 0;
			knownRegions = (
				en,
				Base,
			);
			mainGroup = 7B151C592519DA9000FA1CB1;
			productRefGroup = 7B151C632519DA9000FA1CB1 /* Products */;
			projectDirPath = "";
			projectRoot = "";
			targets = (
				7B151C612519DA9000FA1CB1 /* flashlight */,
				7B151C772519DA9200FA1CB1 /* flashlightTests */,
				7B151C822519DA9200FA1CB1 /* flashlightUITests */,
			);
		};
/* End PBXProject section */

/* Begin PBXResourcesBuildPhase section */
		7B151C602519DA9000FA1CB1 /* Resources */ = {
			isa = PBXResourcesBuildPhase;
			buildActionMask = 2147483647;
			files = (
				7B151C722519DA9200FA1CB1 /* LaunchScreen.storyboard in Resources */,
				7B151C6F2519DA9200FA1CB1 /* Assets.xcassets in Resources */,
				7B151C6D2519DA9000FA1CB1 /* Main.storyboard in Resources */,
			);
			runOnlyForDeploymentPostprocessing = 0;
		};
		7B151C762519DA9200FA1CB1 /* Resources */ = {
			isa = PBXResourcesBuildPhase;
			buildActionMask = 2147483647;
			files = (
			);
			runOnlyForDeploymentPostprocessing = 0;
		};
		7B151C812519DA9200FA1CB1 /* Resources */ = {
			isa = PBXResourcesBuildPhase;
			buildActionMask = 2147483647;
			files = (
			);
			runOnlyForDeploymentPostprocessing = 0;
		};
/* End PBXResourcesBuildPhase section */

/* Begin PBXSourcesBuildPhase section */
		7B151C5E2519DA9000FA1CB1 /* Sources */ = {
			isa = PBXSourcesBuildPhase;
			buildActionMask = 2147483647;
			files = (
				7B151C6A2519DA9000FA1CB1 /* ViewController.swift in Sources */,
				7B151C662519DA9000FA1CB1 /* AppDelegate.swift in Sources */,
				7B151C682519DA9000FA1CB1 /* SceneDelegate.swift in Sources */,
			);
			runOnlyForDeploymentPostprocessing = 0;
		};
		7B151C742519DA9200FA1CB1 /* Sources */ = {
			isa = PBXSourcesBuildPhase;
			buildActionMask = 2147483647;
			files = (
				7B151C7D2519DA9200FA1CB1 /* flashlightTests.swift in Sources */,
			);
			runOnlyForDeploymentPostprocessing = 0;
		};
		7B151C7F2519DA9200FA1CB1 /* Sources */ = {
			isa = PBXSourcesBuildPhase;
			buildActionMask = 2147483647;
			files = (
				7B151C882519DA9200FA1CB1 /* flashlightUITests.swift in Sources */,
			);
			runOnlyForDeploymentPostprocessing = 0;
		};
/* End PBXSourcesBuildPhase section */

/* Begin PBXTargetDependency section */
		7B151C7A2519DA9200FA1CB1 /* PBXTargetDependency */ = {
			isa = PBXTargetDependency;
			target = 7B151C612519DA9000FA1CB1 /* flashlight */;
			targetProxy = 7B151C792519DA9200FA1CB1 /* PBXContainerItemProxy */;
		};
		7B151C852519DA9200FA1CB1 /* PBXTargetDependency */ = {
			isa = PBXTargetDependency;
			target = 7B151C612519DA9000FA1CB1 /* flashlight */;
			targetProxy = 7B151C842519DA9200FA1CB1 /* PBXContainerItemProxy */;
		};
/* End PBXTargetDependency section */

/* Begin PBXVariantGroup section */
		7B151C6B2519DA9000FA1CB1 /* Main.storyboard */ = {
			isa = PBXVariantGroup;
			children = (
				7B151C6C2519DA9000FA1CB1 /* Base */,
			);
			name = Main.storyboard;
			sourceTree = "<group>";
		};
		7B151C702519DA9200FA1CB1 /* LaunchScreen.storyboard */ = {
			isa = PBXVariantGroup;
			children = (
				7B151C712519DA9200FA1CB1 /* Base */,
			);
			name = LaunchScreen.storyboard;
			sourceTree = "<group>";
		};
/* End PBXVariantGroup section */

/* Begin XCBuildConfiguration section */
		7B151C8A2519DA9200FA1CB1 /* Debug */ = {
			isa = XCBuildConfiguration;
			buildSettings = {
				ALWAYS_SEARCH_USER_PATHS = NO;
				CLANG_ANALYZER_NONNULL = YES;
				CLANG_ANALYZER_NUMBER_OBJECT_CONVERSION = YES_AGGRESSIVE;
				CLANG_CXX_LANGUAGE_STANDARD = "gnu++14";
				CLANG_CXX_LIBRARY = "libc++";
				CLANG_ENABLE_MODULES = YES;
				CLANG_ENABLE_OBJC_ARC = YES;
				CLANG_ENABLE_OBJC_WEAK = YES;
				CLANG_WARN_BLOCK_CAPTURE_AUTORELEASING = YES;
				CLANG_WARN_BOOL_CONVERSION = YES;
				CLANG_WARN_COMMA = YES;
				CLANG_WARN_CONSTANT_CONVERSION = YES;
				CLANG_WARN_DEPRECATED_OBJC_IMPLEMENTATIONS = YES;
				CLANG_WARN_DIRECT_OBJC_ISA_USAGE = YES_ERROR;
				CLANG_WARN_DOCUMENTATION_COMMENTS = YES;
				CLANG_WARN_EMPTY_BODY = YES;
				CLANG_WARN_ENUM_CONVERSION = YES;
				CLANG_WARN_INFINITE_RECURSION = YES;
				CLANG_WARN_INT_CONVERSION = YES;
				CLANG_WARN_NON_LITERAL_NULL_CONVERSION = YES;
				CLANG_WARN_OBJC_IMPLICIT_RETAIN_SELF = YES;
				CLANG_WARN_OBJC_LITERAL_CONVERSION = YES;
				CLANG_WARN_OBJC_ROOT_CLASS = YES_ERROR;
				CLANG_WARN_RANGE_LOOP_ANALYSIS = YES;
				CLANG_WARN_STRICT_PROTOTYPES = YES;
				CLANG_WARN_SUSPICIOUS_MOVE = YES;
				CLANG_WARN_UNGUARDED_AVAILABILITY = YES_AGGRESSIVE;
				CLANG_WARN_UNREACHABLE_CODE = YES;
				CLANG_WARN__DUPLICATE_METHOD_MATCH = YES;
				COPY_PHASE_STRIP = NO;
				DEBUG_INFORMATION_FORMAT = dwarf;
				ENABLE_STRICT_OBJC_MSGSEND = YES;
				ENABLE_TESTABILITY = YES;
				GCC_C_LANGUAGE_STANDARD = gnu11;
				GCC_DYNAMIC_NO_PIC = NO;
				GCC_NO_COMMON_BLOCKS = YES;
				GCC_OPTIMIZATION_LEVEL = 0;
				GCC_PREPROCESSOR_DEFINITIONS = (
					"DEBUG=1",
					"$(inherited)",
				);
				GCC_WARN_64_TO_32_BIT_CONVERSION = YES;
				GCC_WARN_ABOUT_RETURN_TYPE = YES_ERROR;
				GCC_WARN_UNDECLARED_SELECTOR = YES;
				GCC_WARN_UNINITIALIZED_AUTOS = YES_AGGRESSIVE;
				GCC_WARN_UNUSED_FUNCTION = YES;
				GCC_WARN_UNUSED_VARIABLE = YES;
				IPHONEOS_DEPLOYMENT_TARGET = 13.7;
				MTL_ENABLE_DEBUG_INFO = INCLUDE_SOURCE;
				MTL_FAST_MATH = YES;
				ONLY_ACTIVE_ARCH = YES;
				SDKROOT = iphoneos;
				SWIFT_ACTIVE_COMPILATION_CONDITIONS = DEBUG;
				SWIFT_OPTIMIZATION_LEVEL = "-Onone";
			};
			name = Debug;
		};
		7B151C8B2519DA9200FA1CB1 /* Release */ = {
			isa = XCBuildConfiguration;
			buildSettings = {
				ALWAYS_SEARCH_USER_PATHS = NO;
				CLANG_ANALYZER_NONNULL = YES;
				CLANG_ANALYZER_NUMBER_OBJECT_CONVERSION = YES_AGGRESSIVE;
				CLANG_CXX_LANGUAGE_STANDARD = "gnu++14";
				CLANG_CXX_LIBRARY = "libc++";
				CLANG_ENABLE_MODULES = YES;
				CLANG_ENABLE_OBJC_ARC = YES;
				CLANG_ENABLE_OBJC_WEAK = YES;
				CLANG_WARN_BLOCK_CAPTURE_AUTORELEASING = YES;
				CLANG_WARN_BOOL_CONVERSION = YES;
				CLANG_WARN_COMMA = YES;
				CLANG_WARN_CONSTANT_CONVERSION = YES;
				CLANG_WARN_DEPRECATED_OBJC_IMPLEMENTATIONS = YES;
				CLANG_WARN_DIRECT_OBJC_ISA_USAGE = YES_ERROR;
				CLANG_WARN_DOCUMENTATION_COMMENTS = YES;
				CLANG_WARN_EMPTY_BODY = YES;
				CLANG_WARN_ENUM_CONVERSION = YES;
				CLANG_WARN_INFINITE_RECURSION = YES;
				CLANG_WARN_INT_CONVERSION = YES;
				CLANG_WARN_NON_LITERAL_NULL_CONVERSION = YES;
				CLANG_WARN_OBJC_IMPLICIT_RETAIN_SELF = YES;
				CLANG_WARN_OBJC_LITERAL_CONVERSION = YES;
				CLANG_WARN_OBJC_ROOT_CLASS = YES_ERROR;
				CLANG_WARN_RANGE_LOOP_ANALYSIS = YES;
				CLANG_WARN_STRICT_PROTOTYPES = YES;
				CLANG_WARN_SUSPICIOUS_MOVE = YES;
				CLANG_WARN_UNGUARDED_AVAILABILITY = YES_AGGRESSIVE;
				CLANG_WARN_UNREACHABLE_CODE = YES;
				CLANG_WARN__DUPLICATE_METHOD_MATCH = YES;
				COPY_PHASE_STRIP = NO;
				DEBUG_INFORMATION_FORMAT = "dwarf-with-dsym";
				ENABLE_NS_ASSERTIONS = NO;
				ENABLE_STRICT_OBJC_MSGSEND = YES;
				GCC_C_LANGUAGE_STANDARD = gnu11;
				GCC_NO_COMMON_BLOCKS = YES;
				GCC_WARN_64_TO_32_BIT_CONVERSION = YES;
				GCC_WARN_ABOUT_RETURN_TYPE = YES_ERROR;
				GCC_WARN_UNDECLARED_SELECTOR = YES;
				GCC_WARN_UNINITIALIZED_AUTOS = YES_AGGRESSIVE;
				GCC_WARN_UNUSED_FUNCTION = YES;
				GCC_WARN_UNUSED_VARIABLE = YES;
				IPHONEOS_DEPLOYMENT_TARGET = 13.7;
				MTL_ENABLE_DEBUG_INFO = NO;
				MTL_FAST_MATH = YES;
				SDKROOT = iphoneos;
				SWIFT_COMPILATION_MODE = wholemodule;
				SWIFT_OPTIMIZATION_LEVEL = "-O";
				VALIDATE_PRODUCT = YES;
			};
			name = Release;
		};
		7B151C8D2519DA9200FA1CB1 /* Debug */ = {
			isa = XCBuildConfiguration;
			buildSettings = {
				ASSETCATALOG_COMPILER_APPICON_NAME = AppIcon;
				CODE_SIGN_STYLE = Automatic;
				DEVELOPMENT_TEAM = UG9QKS47U2;
				INFOPLIST_FILE = flashlight/Info.plist;
				IPHONEOS_DEPLOYMENT_TARGET = 13.7;
				LD_RUNPATH_SEARCH_PATHS = (
					"$(inherited)",
					"@executable_path/Frameworks",
				);
				PRODUCT_BUNDLE_IDENTIFIER = com.nju.flashlight;
				PRODUCT_NAME = "$(TARGET_NAME)";
				SWIFT_VERSION = 5.0;
				TARGETED_DEVICE_FAMILY = "1,2";
			};
			name = Debug;
		};
		7B151C8E2519DA9200FA1CB1 /* Release */ = {
			isa = XCBuildConfiguration;
			buildSettings = {
				ASSETCATALOG_COMPILER_APPICON_NAME = AppIcon;
				CODE_SIGN_STYLE = Automatic;
				DEVELOPMENT_TEAM = UG9QKS47U2;
				INFOPLIST_FILE = flashlight/Info.plist;
				IPHONEOS_DEPLOYMENT_TARGET = 13.7;
				LD_RUNPATH_SEARCH_PATHS = (
					"$(inherited)",
					"@executable_path/Frameworks",
				);
				PRODUCT_BUNDLE_IDENTIFIER = com.nju.flashlight;
				PRODUCT_NAME = "$(TARGET_NAME)";
				SWIFT_VERSION = 5.0;
				TARGETED_DEVICE_FAMILY = "1,2";
			};
			name = Release;
		};
		7B151C902519DA9200FA1CB1 /* Debug */ = {
			isa = XCBuildConfiguration;
			buildSettings = {
				ALWAYS_EMBED_SWIFT_STANDARD_LIBRARIES = YES;
				BUNDLE_LOADER = "$(TEST_HOST)";
				CODE_SIGN_STYLE = Automatic;
				DEVELOPMENT_TEAM = UG9QKS47U2;
				INFOPLIST_FILE = flashlightTests/Info.plist;
				IPHONEOS_DEPLOYMENT_TARGET = 13.7;
				LD_RUNPATH_SEARCH_PATHS = (
					"$(inherited)",
					"@executable_path/Frameworks",
					"@loader_path/Frameworks",
				);
				PRODUCT_BUNDLE_IDENTIFIER = com.nju.flashlightTests;
				PRODUCT_NAME = "$(TARGET_NAME)";
				SWIFT_VERSION = 5.0;
				TARGETED_DEVICE_FAMILY = "1,2";
				TEST_HOST = "$(BUILT_PRODUCTS_DIR)/flashlight.app/flashlight";
			};
			name = Debug;
		};
		7B151C912519DA9200FA1CB1 /* Release */ = {
			isa = XCBuildConfiguration;
			buildSettings = {
				ALWAYS_EMBED_SWIFT_STANDARD_LIBRARIES = YES;
				BUNDLE_LOADER = "$(TEST_HOST)";
				CODE_SIGN_STYLE = Automatic;
				DEVELOPMENT_TEAM = UG9QKS47U2;
				INFOPLIST_FILE = flashlightTests/Info.plist;
				IPHONEOS_DEPLOYMENT_TARGET = 13.7;
				LD_RUNPATH_SEARCH_PATHS = (
					"$(inherited)",
					"@executable_path/Frameworks",
					"@loader_path/Frameworks",
				);
				PRODUCT_BUNDLE_IDENTIFIER = com.nju.flashlightTests;
				PRODUCT_NAME = "$(TARGET_NAME)";
				SWIFT_VERSION = 5.0;
				TARGETED_DEVICE_FAMILY = "1,2";
				TEST_HOST = "$(BUILT_PRODUCTS_DIR)/flashlight.app/flashlight";
			};
			name = Release;
		};
		7B151C932519DA9200FA1CB1 /* Debug */ = {
			isa = XCBuildConfiguration;
			buildSettings = {
				ALWAYS_EMBED_SWIFT_STANDARD_LIBRARIES = YES;
				CODE_SIGN_STYLE = Automatic;
				DEVELOPMENT_TEAM = UG9QKS47U2;
				INFOPLIST_FILE = flashlightUITests/Info.plist;
				LD_RUNPATH_SEARCH_PATHS = (
					"$(inherited)",
					"@executable_path/Frameworks",
					"@loader_path/Frameworks",
				);
				PRODUCT_BUNDLE_IDENTIFIER = com.nju.flashlightUITests;
				PRODUCT_NAME = "$(TARGET_NAME)";
				SWIFT_VERSION = 5.0;
				TARGETED_DEVICE_FAMILY = "1,2";
				TEST_TARGET_NAME = flashlight;
			};
			name = Debug;
		};
		7B151C942519DA9200FA1CB1 /* Release */ = {
			isa = XCBuildConfiguration;
			buildSettings = {
				ALWAYS_EMBED_SWIFT_STANDARD_LIBRARIES = YES;
				CODE_SIGN_STYLE = Automatic;
				DEVELOPMENT_TEAM = UG9QKS47U2;
				INFOPLIST_FILE = flashlightUITests/Info.plist;
				LD_RUNPATH_SEARCH_PATHS = (
					"$(inherited)",
					"@executable_path/Frameworks",
					"@loader_path/Frameworks",
				);
				PRODUCT_BUNDLE_IDENTIFIER = com.nju.flashlightUITests;
				PRODUCT_NAME = "$(TARGET_NAME)";
				SWIFT_VERSION = 5.0;
				TARGETED_DEVICE_FAMILY = "1,2";
				TEST_TARGET_NAME = flashlight;
			};
			name = Release;
		};
/* End XCBuildConfiguration section */

/* Begin XCConfigurationList section */
		7B151C5D2519DA9000FA1CB1 /* Build configuration list for PBXProject "flashlight" */ = {
			isa = XCConfigurationList;
			buildConfigurations = (
				7B151C8A2519DA9200FA1CB1 /* Debug */,
				7B151C8B2519DA9200FA1CB1 /* Release */,
			);
			defaultConfigurationIsVisible = 0;
			defaultConfigurationName = Release;
		};
		7B151C8C2519DA9200FA1CB1 /* Build configuration list for PBXNativeTarget "flashlight" */ = {
			isa = XCConfigurationList;
			buildConfigurations = (
				7B151C8D2519DA9200FA1CB1 /* Debug */,
				7B151C8E2519DA9200FA1CB1 /* Release */,
			);
			defaultConfigurationIsVisible = 0;
			defaultConfigurationName = Release;
		};
		7B151C8F2519DA9200FA1CB1 /* Build configuration list for PBXNativeTarget "flashlightTests" */ = {
			isa = XCConfigurationList;
			buildConfigurations = (
				7B151C902519DA9200FA1CB1 /* Debug */,
				7B151C912519DA9200FA1CB1 /* Release */,
			);
			defaultConfigurationIsVisible = 0;
			defaultConfigurationName = Release;
		};
		7B151C922519DA9200FA1CB1 /* Build configuration list for PBXNativeTarget "flashlightUITests" */ = {
			isa = XCConfigurationList;
			buildConfigurations = (
				7B151C932519DA9200FA1CB1 /* Debug */,
				7B151C942519DA9200FA1CB1 /* Release */,
			);
			defaultConfigurationIsVisible = 0;
			defaultConfigurationName = Release;
		};
/* End XCConfigurationList section */
	};
	rootObject = 7B151C5A2519DA9000FA1CB1 /* Project object */;
}
