// !$*UTF8*$!
{
	archiveVersion = 1;
	classes = {
	};
	objectVersion = 50;
	objects = {

/* Begin PBXBuildFile section */
		7BFEE80E2510D59F000B576F /* AppDelegate.swift in Sources */ = {isa = PBXBuildFile; fileRef = 7BFEE80D2510D59F000B576F /* AppDelegate.swift */; };
		7BFEE8102510D59F000B576F /* SceneDelegate.swift in Sources */ = {isa = PBXBuildFile; fileRef = 7BFEE80F2510D59F000B576F /* SceneDelegate.swift */; };
		7BFEE8122510D59F000B576F /* ViewController.swift in Sources */ = {isa = PBXBuildFile; fileRef = 7BFEE8112510D59F000B576F /* ViewController.swift */; };
		7BFEE8152510D59F000B576F /* Main.storyboard in Resources */ = {isa = PBXBuildFile; fileRef = 7BFEE8132510D59F000B576F /* Main.storyboard */; };
		7BFEE8172510D5A0000B576F /* Assets.xcassets in Resources */ = {isa = PBXBuildFile; fileRef = 7BFEE8162510D5A0000B576F /* Assets.xcassets */; };
		7BFEE81A2510D5A0000B576F /* LaunchScreen.storyboard in Resources */ = {isa = PBXBuildFile; fileRef = 7BFEE8182510D5A0000B576F /* LaunchScreen.storyboard */; };
		7BFEE8252510D5A1000B576F /* HelloWorldTests.swift in Sources */ = {isa = PBXBuildFile; fileRef = 7BFEE8242510D5A1000B576F /* HelloWorldTests.swift */; };
		7BFEE8302510D5A1000B576F /* HelloWorldUITests.swift in Sources */ = {isa = PBXBuildFile; fileRef = 7BFEE82F2510D5A1000B576F /* HelloWorldUITests.swift */; };
/* End PBXBuildFile section */

/* Begin PBXContainerItemProxy section */
		7BFEE8212510D5A1000B576F /* PBXContainerItemProxy */ = {
			isa = PBXContainerItemProxy;
			containerPortal = 7BFEE8022510D59F000B576F /* Project object */;
			proxyType = 1;
			remoteGlobalIDString = 7BFEE8092510D59F000B576F;
			remoteInfo = HelloWorld;
		};
		7BFEE82C2510D5A1000B576F /* PBXContainerItemProxy */ = {
			isa = PBXContainerItemProxy;
			containerPortal = 7BFEE8022510D59F000B576F /* Project object */;
			proxyType = 1;
			remoteGlobalIDString = 7BFEE8092510D59F000B576F;
			remoteInfo = HelloWorld;
		};
/* End PBXContainerItemProxy section */

/* Begin PBXFileReference section */
		7BFEE80A2510D59F000B576F /* HelloWorld.app */ = {isa = PBXFileReference; explicitFileType = wrapper.application; includeInIndex = 0; path = HelloWorld.app; sourceTree = BUILT_PRODUCTS_DIR; };
		7BFEE80D2510D59F000B576F /* AppDelegate.swift */ = {isa = PBXFileReference; lastKnownFileType = sourcecode.swift; path = AppDelegate.swift; sourceTree = "<group>"; };
		7BFEE80F2510D59F000B576F /* SceneDelegate.swift */ = {isa = PBXFileReference; lastKnownFileType = sourcecode.swift; path = SceneDelegate.swift; sourceTree = "<group>"; };
		7BFEE8112510D59F000B576F /* ViewController.swift */ = {isa = PBXFileReference; lastKnownFileType = sourcecode.swift; path = ViewController.swift; sourceTree = "<group>"; };
		7BFEE8142510D59F000B576F /* Base */ = {isa = PBXFileReference; lastKnownFileType = file.storyboard; name = Base; path = Base.lproj/Main.storyboard; sourceTree = "<group>"; };
		7BFEE8162510D5A0000B576F /* Assets.xcassets */ = {isa = PBXFileReference; lastKnownFileType = folder.assetcatalog; path = Assets.xcassets; sourceTree = "<group>"; };
		7BFEE8192510D5A0000B576F /* Base */ = {isa = PBXFileReference; lastKnownFileType = file.storyboard; name = Base; path = Base.lproj/LaunchScreen.storyboard; sourceTree = "<group>"; };
		7BFEE81B2510D5A0000B576F /* Info.plist */ = {isa = PBXFileReference; lastKnownFileType = text.plist.xml; path = Info.plist; sourceTree = "<group>"; };
		7BFEE8202510D5A1000B576F /* HelloWorldTests.xctest */ = {isa = PBXFileReference; explicitFileType = wrapper.cfbundle; includeInIndex = 0; path = HelloWorldTests.xctest; sourceTree = BUILT_PRODUCTS_DIR; };
		7BFEE8242510D5A1000B576F /* HelloWorldTests.swift */ = {isa = PBXFileReference; lastKnownFileType = sourcecode.swift; path = HelloWorldTests.swift; sourceTree = "<group>"; };
		7BFEE8262510D5A1000B576F /* Info.plist */ = {isa = PBXFileReference; lastKnownFileType = text.plist.xml; path = Info.plist; sourceTree = "<group>"; };
		7BFEE82B2510D5A1000B576F /* HelloWorldUITests.xctest */ = {isa = PBXFileReference; explicitFileType = wrapper.cfbundle; includeInIndex = 0; path = HelloWorldUITests.xctest; sourceTree = BUILT_PRODUCTS_DIR; };
		7BFEE82F2510D5A1000B576F /* HelloWorldUITests.swift */ = {isa = PBXFileReference; lastKnownFileType = sourcecode.swift; path = HelloWorldUITests.swift; sourceTree = "<group>"; };
		7BFEE8312510D5A1000B576F /* Info.plist */ = {isa = PBXFileReference; lastKnownFileType = text.plist.xml; path = Info.plist; sourceTree = "<group>"; };
/* End PBXFileReference section */

/* Begin PBXFrameworksBuildPhase section */
		7BFEE8072510D59F000B576F /* Frameworks */ = {
			isa = PBXFrameworksBuildPhase;
			buildActionMask = 2147483647;
			files = (
			);
			runOnlyForDeploymentPostprocessing = 0;
		};
		7BFEE81D2510D5A1000B576F /* Frameworks */ = {
			isa = PBXFrameworksBuildPhase;
			buildActionMask = 2147483647;
			files = (
			);
			runOnlyForDeploymentPostprocessing = 0;
		};
		7BFEE8282510D5A1000B576F /* Frameworks */ = {
			isa = PBXFrameworksBuildPhase;
			buildActionMask = 2147483647;
			files = (
			);
			runOnlyForDeploymentPostprocessing = 0;
		};
/* End PBXFrameworksBuildPhase section */

/* Begin PBXGroup section */
		7BFEE8012510D59F000B576F = {
			isa = PBXGroup;
			children = (
				7BFEE80C2510D59F000B576F /* HelloWorld */,
				7BFEE8232510D5A1000B576F /* HelloWorldTests */,
				7BFEE82E2510D5A1000B576F /* HelloWorldUITests */,
				7BFEE80B2510D59F000B576F /* Products */,
			);
			sourceTree = "<group>";
		};
		7BFEE80B2510D59F000B576F /* Products */ = {
			isa = PBXGroup;
			children = (
				7BFEE80A2510D59F000B576F /* HelloWorld.app */,
				7BFEE8202510D5A1000B576F /* HelloWorldTests.xctest */,
				7BFEE82B2510D5A1000B576F /* HelloWorldUITests.xctest */,
			);
			name = Products;
			sourceTree = "<group>";
		};
		7BFEE80C2510D59F000B576F /* HelloWorld */ = {
			isa = PBXGroup;
			children = (
				7BFEE80D2510D59F000B576F /* AppDelegate.swift */,
				7BFEE80F2510D59F000B576F /* SceneDelegate.swift */,
				7BFEE8112510D59F000B576F /* ViewController.swift */,
				7BFEE8132510D59F000B576F /* Main.storyboard */,
				7BFEE8162510D5A0000B576F /* Assets.xcassets */,
				7BFEE8182510D5A0000B576F /* LaunchScreen.storyboard */,
				7BFEE81B2510D5A0000B576F /* Info.plist */,
			);
			path = HelloWorld;
			sourceTree = "<group>";
		};
		7BFEE8232510D5A1000B576F /* HelloWorldTests */ = {
			isa = PBXGroup;
			children = (
				7BFEE8242510D5A1000B576F /* HelloWorldTests.swift */,
				7BFEE8262510D5A1000B576F /* Info.plist */,
			);
			path = HelloWorldTests;
			sourceTree = "<group>";
		};
		7BFEE82E2510D5A1000B576F /* HelloWorldUITests */ = {
			isa = PBXGroup;
			children = (
				7BFEE82F2510D5A1000B576F /* HelloWorldUITests.swift */,
				7BFEE8312510D5A1000B576F /* Info.plist */,
			);
			path = HelloWorldUITests;
			sourceTree = "<group>";
		};
/* End PBXGroup section */

/* Begin PBXNativeTarget section */
		7BFEE8092510D59F000B576F /* HelloWorld */ = {
			isa = PBXNativeTarget;
			buildConfigurationList = 7BFEE8342510D5A1000B576F /* Build configuration list for PBXNativeTarget "HelloWorld" */;
			buildPhases = (
				7BFEE8062510D59F000B576F /* Sources */,
				7BFEE8072510D59F000B576F /* Frameworks */,
				7BFEE8082510D59F000B576F /* Resources */,
			);
			buildRules = (
			);
			dependencies = (
			);
			name = HelloWorld;
			productName = HelloWorld;
			productReference = 7BFEE80A2510D59F000B576F /* HelloWorld.app */;
			productType = "com.apple.product-type.application";
		};
		7BFEE81F2510D5A1000B576F /* HelloWorldTests */ = {
			isa = PBXNativeTarget;
			buildConfigurationList = 7BFEE8372510D5A1000B576F /* Build configuration list for PBXNativeTarget "HelloWorldTests" */;
			buildPhases = (
				7BFEE81C2510D5A1000B576F /* Sources */,
				7BFEE81D2510D5A1000B576F /* Frameworks */,
				7BFEE81E2510D5A1000B576F /* Resources */,
			);
			buildRules = (
			);
			dependencies = (
				7BFEE8222510D5A1000B576F /* PBXTargetDependency */,
			);
			name = HelloWorldTests;
			productName = HelloWorldTests;
			productReference = 7BFEE8202510D5A1000B576F /* HelloWorldTests.xctest */;
			productType = "com.apple.product-type.bundle.unit-test";
		};
		7BFEE82A2510D5A1000B576F /* HelloWorldUITests */ = {
			isa = PBXNativeTarget;
			buildConfigurationList = 7BFEE83A2510D5A1000B576F /* Build configuration list for PBXNativeTarget "HelloWorldUITests" */;
			buildPhases = (
				7BFEE8272510D5A1000B576F /* Sources */,
				7BFEE8282510D5A1000B576F /* Frameworks */,
				7BFEE8292510D5A1000B576F /* Resources */,
			);
			buildRules = (
			);
			dependencies = (
				7BFEE82D2510D5A1000B576F /* PBXTargetDependency */,
			);
			name = HelloWorldUITests;
			productName = HelloWorldUITests;
			productReference = 7BFEE82B2510D5A1000B576F /* HelloWorldUITests.xctest */;
			productType = "com.apple.product-type.bundle.ui-testing";
		};
/* End PBXNativeTarget section */

/* Begin PBXProject section */
		7BFEE8022510D59F000B576F /* Project object */ = {
			isa = PBXProject;
			attributes = {
				LastSwiftUpdateCheck = 1170;
				LastUpgradeCheck = 1170;
				ORGANIZATIONNAME = nju;
				TargetAttributes = {
					7BFEE8092510D59F000B576F = {
						CreatedOnToolsVersion = 11.7;
					};
					7BFEE81F2510D5A1000B576F = {
						CreatedOnToolsVersion = 11.7;
						TestTargetID = 7BFEE8092510D59F000B576F;
					};
					7BFEE82A2510D5A1000B576F = {
						CreatedOnToolsVersion = 11.7;
						TestTargetID = 7BFEE8092510D59F000B576F;
					};
				};
			};
			buildConfigurationList = 7BFEE8052510D59F000B576F /* Build configuration list for PBXProject "HelloWorld" */;
			compatibilityVersion = "Xcode 9.3";
			developmentRegion = en;
			hasScannedForEncodings = 0;
			knownRegions = (
				en,
				Base,
			);
			mainGroup = 7BFEE8012510D59F000B576F;
			productRefGroup = 7BFEE80B2510D59F000B576F /* Products */;
			projectDirPath = "";
			projectRoot = "";
			targets = (
				7BFEE8092510D59F000B576F /* HelloWorld */,
				7BFEE81F2510D5A1000B576F /* HelloWorldTests */,
				7BFEE82A2510D5A1000B576F /* HelloWorldUITests */,
			);
		};
/* End PBXProject section */

/* Begin PBXResourcesBuildPhase section */
		7BFEE8082510D59F000B576F /* Resources */ = {
			isa = PBXResourcesBuildPhase;
			buildActionMask = 2147483647;
			files = (
				7BFEE81A2510D5A0000B576F /* LaunchScreen.storyboard in Resources */,
				7BFEE8172510D5A0000B576F /* Assets.xcassets in Resources */,
				7BFEE8152510D59F000B576F /* Main.storyboard in Resources */,
			);
			runOnlyForDeploymentPostprocessing = 0;
		};
		7BFEE81E2510D5A1000B576F /* Resources */ = {
			isa = PBXResourcesBuildPhase;
			buildActionMask = 2147483647;
			files = (
			);
			runOnlyForDeploymentPostprocessing = 0;
		};
		7BFEE8292510D5A1000B576F /* Resources */ = {
			isa = PBXResourcesBuildPhase;
			buildActionMask = 2147483647;
			files = (
			);
			runOnlyForDeploymentPostprocessing = 0;
		};
/* End PBXResourcesBuildPhase section */

/* Begin PBXSourcesBuildPhase section */
		7BFEE8062510D59F000B576F /* Sources */ = {
			isa = PBXSourcesBuildPhase;
			buildActionMask = 2147483647;
			files = (
				7BFEE8122510D59F000B576F /* ViewController.swift in Sources */,
				7BFEE80E2510D59F000B576F /* AppDelegate.swift in Sources */,
				7BFEE8102510D59F000B576F /* SceneDelegate.swift in Sources */,
			);
			runOnlyForDeploymentPostprocessing = 0;
		};
		7BFEE81C2510D5A1000B576F /* Sources */ = {
			isa = PBXSourcesBuildPhase;
			buildActionMask = 2147483647;
			files = (
				7BFEE8252510D5A1000B576F /* HelloWorldTests.swift in Sources */,
			);
			runOnlyForDeploymentPostprocessing = 0;
		};
		7BFEE8272510D5A1000B576F /* Sources */ = {
			isa = PBXSourcesBuildPhase;
			buildActionMask = 2147483647;
			files = (
				7BFEE8302510D5A1000B576F /* HelloWorldUITests.swift in Sources */,
			);
			runOnlyForDeploymentPostprocessing = 0;
		};
/* End PBXSourcesBuildPhase section */

/* Begin PBXTargetDependency section */
		7BFEE8222510D5A1000B576F /* PBXTargetDependency */ = {
			isa = PBXTargetDependency;
			target = 7BFEE8092510D59F000B576F /* HelloWorld */;
			targetProxy = 7BFEE8212510D5A1000B576F /* PBXContainerItemProxy */;
		};
		7BFEE82D2510D5A1000B576F /* PBXTargetDependency */ = {
			isa = PBXTargetDependency;
			target = 7BFEE8092510D59F000B576F /* HelloWorld */;
			targetProxy = 7BFEE82C2510D5A1000B576F /* PBXContainerItemProxy */;
		};
/* End PBXTargetDependency section */

/* Begin PBXVariantGroup section */
		7BFEE8132510D59F000B576F /* Main.storyboard */ = {
			isa = PBXVariantGroup;
			children = (
				7BFEE8142510D59F000B576F /* Base */,
			);
			name = Main.storyboard;
			sourceTree = "<group>";
		};
		7BFEE8182510D5A0000B576F /* LaunchScreen.storyboard */ = {
			isa = PBXVariantGroup;
			children = (
				7BFEE8192510D5A0000B576F /* Base */,
			);
			name = LaunchScreen.storyboard;
			sourceTree = "<group>";
		};
/* End PBXVariantGroup section */

/* Begin XCBuildConfiguration section */
		7BFEE8322510D5A1000B576F /* Debug */ = {
			isa = XCBuildConfiguration;
			buildSettings = {
				ALWAYS_SEARCH_USER_PATHS = NO;
				CLANG_ANALYZER_NONNULL = YES;
				CLANG_ANALYZER_NUMBER_OBJECT_CONVERSION = YES_AGGRESSIVE;
				CLANG_CXX_LANGUAGE_STANDARD = "gnu++14";
				CLANG_CXX_LIBRARY = "libc++";
				CLANG_ENABLE_MODULES = YES;
				CLANG_ENABLE_OBJC_ARC = YES;
				CLANG_ENABLE_OBJC_WEAK = YES;
				CLANG_WARN_BLOCK_CAPTURE_AUTORELEASING = YES;
				CLANG_WARN_BOOL_CONVERSION = YES;
				CLANG_WARN_COMMA = YES;
				CLANG_WARN_CONSTANT_CONVERSION = YES;
				CLANG_WARN_DEPRECATED_OBJC_IMPLEMENTATIONS = YES;
				CLANG_WARN_DIRECT_OBJC_ISA_USAGE = YES_ERROR;
				CLANG_WARN_DOCUMENTATION_COMMENTS = YES;
				CLANG_WARN_EMPTY_BODY = YES;
				CLANG_WARN_ENUM_CONVERSION = YES;
				CLANG_WARN_INFINITE_RECURSION = YES;
				CLANG_WARN_INT_CONVERSION = YES;
				CLANG_WARN_NON_LITERAL_NULL_CONVERSION = YES;
				CLANG_WARN_OBJC_IMPLICIT_RETAIN_SELF = YES;
				CLANG_WARN_OBJC_LITERAL_CONVERSION = YES;
				CLANG_WARN_OBJC_ROOT_CLASS = YES_ERROR;
				CLANG_WARN_RANGE_LOOP_ANALYSIS = YES;
				CLANG_WARN_STRICT_PROTOTYPES = YES;
				CLANG_WARN_SUSPICIOUS_MOVE = YES;
				CLANG_WARN_UNGUARDED_AVAILABILITY = YES_AGGRESSIVE;
				CLANG_WARN_UNREACHABLE_CODE = YES;
				CLANG_WARN__DUPLICATE_METHOD_MATCH = YES;
				COPY_PHASE_STRIP = NO;
				DEBUG_INFORMATION_FORMAT = dwarf;
				DEVELOPMENT_TEAM = UG9QKS47U2;
				ENABLE_STRICT_OBJC_MSGSEND = YES;
				ENABLE_TESTABILITY = YES;
				GCC_C_LANGUAGE_STANDARD = gnu11;
				GCC_DYNAMIC_NO_PIC = NO;
				GCC_NO_COMMON_BLOCKS = YES;
				GCC_OPTIMIZATION_LEVEL = 0;
				GCC_PREPROCESSOR_DEFINITIONS = (
					"DEBUG=1",
					"$(inherited)",
				);
				GCC_WARN_64_TO_32_BIT_CONVERSION = YES;
				GCC_WARN_ABOUT_RETURN_TYPE = YES_ERROR;
				GCC_WARN_UNDECLARED_SELECTOR = YES;
				GCC_WARN_UNINITIALIZED_AUTOS = YES_AGGRESSIVE;
				GCC_WARN_UNUSED_FUNCTION = YES;
				GCC_WARN_UNUSED_VARIABLE = YES;
				IPHONEOS_DEPLOYMENT_TARGET = 13.7;
				MTL_ENABLE_DEBUG_INFO = INCLUDE_SOURCE;
				MTL_FAST_MATH = YES;
				ONLY_ACTIVE_ARCH = YES;
				SDKROOT = iphoneos;
				SWIFT_ACTIVE_COMPILATION_CONDITIONS = DEBUG;
				SWIFT_OPTIMIZATION_LEVEL = "-Onone";
			};
			name = Debug;
		};
		7BFEE8332510D5A1000B576F /* Release */ = {
			isa = XCBuildConfiguration;
			buildSettings = {
				ALWAYS_SEARCH_USER_PATHS = NO;
				CLANG_ANALYZER_NONNULL = YES;
				CLANG_ANALYZER_NUMBER_OBJECT_CONVERSION = YES_AGGRESSIVE;
				CLANG_CXX_LANGUAGE_STANDARD = "gnu++14";
				CLANG_CXX_LIBRARY = "libc++";
				CLANG_ENABLE_MODULES = YES;
				CLANG_ENABLE_OBJC_ARC = YES;
				CLANG_ENABLE_OBJC_WEAK = YES;
				CLANG_WARN_BLOCK_CAPTURE_AUTORELEASING = YES;
				CLANG_WARN_BOOL_CONVERSION = YES;
				CLANG_WARN_COMMA = YES;
				CLANG_WARN_CONSTANT_CONVERSION = YES;
				CLANG_WARN_DEPRECATED_OBJC_IMPLEMENTATIONS = YES;
				CLANG_WARN_DIRECT_OBJC_ISA_USAGE = YES_ERROR;
				CLANG_WARN_DOCUMENTATION_COMMENTS = YES;
				CLANG_WARN_EMPTY_BODY = YES;
				CLANG_WARN_ENUM_CONVERSION = YES;
				CLANG_WARN_INFINITE_RECURSION = YES;
				CLANG_WARN_INT_CONVERSION = YES;
				CLANG_WARN_NON_LITERAL_NULL_CONVERSION = YES;
				CLANG_WARN_OBJC_IMPLICIT_RETAIN_SELF = YES;
				CLANG_WARN_OBJC_LITERAL_CONVERSION = YES;
				CLANG_WARN_OBJC_ROOT_CLASS = YES_ERROR;
				CLANG_WARN_RANGE_LOOP_ANALYSIS = YES;
				CLANG_WARN_STRICT_PROTOTYPES = YES;
				CLANG_WARN_SUSPICIOUS_MOVE = YES;
				CLANG_WARN_UNGUARDED_AVAILABILITY = YES_AGGRESSIVE;
				CLANG_WARN_UNREACHABLE_CODE = YES;
				CLANG_WARN__DUPLICATE_METHOD_MATCH = YES;
				COPY_PHASE_STRIP = NO;
				DEBUG_INFORMATION_FORMAT = "dwarf-with-dsym";
				DEVELOPMENT_TEAM = UG9QKS47U2;
				ENABLE_NS_ASSERTIONS = NO;
				ENABLE_STRICT_OBJC_MSGSEND = YES;
				GCC_C_LANGUAGE_STANDARD = gnu11;
				GCC_NO_COMMON_BLOCKS = YES;
				GCC_WARN_64_TO_32_BIT_CONVERSION = YES;
				GCC_WARN_ABOUT_RETURN_TYPE = YES_ERROR;
				GCC_WARN_UNDECLARED_SELECTOR = YES;
				GCC_WARN_UNINITIALIZED_AUTOS = YES_AGGRESSIVE;
				GCC_WARN_UNUSED_FUNCTION = YES;
				GCC_WARN_UNUSED_VARIABLE = YES;
				IPHONEOS_DEPLOYMENT_TARGET = 13.7;
				MTL_ENABLE_DEBUG_INFO = NO;
				MTL_FAST_MATH = YES;
				SDKROOT = iphoneos;
				SWIFT_COMPILATION_MODE = wholemodule;
				SWIFT_OPTIMIZATION_LEVEL = "-O";
				VALIDATE_PRODUCT = YES;
			};
			name = Release;
		};
		7BFEE8352510D5A1000B576F /* Debug */ = {
			isa = XCBuildConfiguration;
			buildSettings = {
				ASSETCATALOG_COMPILER_APPICON_NAME = AppIcon;
				CODE_SIGN_STYLE = Automatic;
				INFOPLIST_FILE = HelloWorld/Info.plist;
				LD_RUNPATH_SEARCH_PATHS = (
					"$(inherited)",
					"@executable_path/Frameworks",
				);
				PRODUCT_BUNDLE_IDENTIFIER = com.nju.HelloWorld;
				PRODUCT_NAME = "$(TARGET_NAME)";
				SWIFT_VERSION = 5.0;
				TARGETED_DEVICE_FAMILY = "1,2";
			};
			name = Debug;
		};
		7BFEE8362510D5A1000B576F /* Release */ = {
			isa = XCBuildConfiguration;
			buildSettings = {
				ASSETCATALOG_COMPILER_APPICON_NAME = AppIcon;
				CODE_SIGN_STYLE = Automatic;
				INFOPLIST_FILE = HelloWorld/Info.plist;
				LD_RUNPATH_SEARCH_PATHS = (
					"$(inherited)",
					"@executable_path/Frameworks",
				);
				PRODUCT_BUNDLE_IDENTIFIER = com.nju.HelloWorld;
				PRODUCT_NAME = "$(TARGET_NAME)";
				SWIFT_VERSION = 5.0;
				TARGETED_DEVICE_FAMILY = "1,2";
			};
			name = Release;
		};
		7BFEE8382510D5A1000B576F /* Debug */ = {
			isa = XCBuildConfiguration;
			buildSettings = {
				ALWAYS_EMBED_SWIFT_STANDARD_LIBRARIES = YES;
				BUNDLE_LOADER = "$(TEST_HOST)";
				CODE_SIGN_STYLE = Automatic;
				INFOPLIST_FILE = HelloWorldTests/Info.plist;
				IPHONEOS_DEPLOYMENT_TARGET = 13.7;
				LD_RUNPATH_SEARCH_PATHS = (
					"$(inherited)",
					"@executable_path/Frameworks",
					"@loader_path/Frameworks",
				);
				PRODUCT_BUNDLE_IDENTIFIER = com.nju.HelloWorldTests;
				PRODUCT_NAME = "$(TARGET_NAME)";
				SWIFT_VERSION = 5.0;
				TARGETED_DEVICE_FAMILY = "1,2";
				TEST_HOST = "$(BUILT_PRODUCTS_DIR)/HelloWorld.app/HelloWorld";
			};
			name = Debug;
		};
		7BFEE8392510D5A1000B576F /* Release */ = {
			isa = XCBuildConfiguration;
			buildSettings = {
				ALWAYS_EMBED_SWIFT_STANDARD_LIBRARIES = YES;
				BUNDLE_LOADER = "$(TEST_HOST)";
				CODE_SIGN_STYLE = Automatic;
				INFOPLIST_FILE = HelloWorldTests/Info.plist;
				IPHONEOS_DEPLOYMENT_TARGET = 13.7;
				LD_RUNPATH_SEARCH_PATHS = (
					"$(inherited)",
					"@executable_path/Frameworks",
					"@loader_path/Frameworks",
				);
				PRODUCT_BUNDLE_IDENTIFIER = com.nju.HelloWorldTests;
				PRODUCT_NAME = "$(TARGET_NAME)";
				SWIFT_VERSION = 5.0;
				TARGETED_DEVICE_FAMILY = "1,2";
				TEST_HOST = "$(BUILT_PRODUCTS_DIR)/HelloWorld.app/HelloWorld";
			};
			name = Release;
		};
		7BFEE83B2510D5A1000B576F /* Debug */ = {
			isa = XCBuildConfiguration;
			buildSettings = {
				ALWAYS_EMBED_SWIFT_STANDARD_LIBRARIES = YES;
				CODE_SIGN_STYLE = Automatic;
				INFOPLIST_FILE = HelloWorldUITests/Info.plist;
				LD_RUNPATH_SEARCH_PATHS = (
					"$(inherited)",
					"@executable_path/Frameworks",
					"@loader_path/Frameworks",
				);
				PRODUCT_BUNDLE_IDENTIFIER = com.nju.HelloWorldUITests;
				PRODUCT_NAME = "$(TARGET_NAME)";
				SWIFT_VERSION = 5.0;
				TARGETED_DEVICE_FAMILY = "1,2";
				TEST_TARGET_NAME = HelloWorld;
			};
			name = Debug;
		};
		7BFEE83C2510D5A1000B576F /* Release */ = {
			isa = XCBuildConfiguration;
			buildSettings = {
				ALWAYS_EMBED_SWIFT_STANDARD_LIBRARIES = YES;
				CODE_SIGN_STYLE = Automatic;
				INFOPLIST_FILE = HelloWorldUITests/Info.plist;
				LD_RUNPATH_SEARCH_PATHS = (
					"$(inherited)",
					"@executable_path/Frameworks",
					"@loader_path/Frameworks",
				);
				PRODUCT_BUNDLE_IDENTIFIER = com.nju.HelloWorldUITests;
				PRODUCT_NAME = "$(TARGET_NAME)";
				SWIFT_VERSION = 5.0;
				TARGETED_DEVICE_FAMILY = "1,2";
				TEST_TARGET_NAME = HelloWorld;
			};
			name = Release;
		};
/* End XCBuildConfiguration section */

/* Begin XCConfigurationList section */
		7BFEE8052510D59F000B576F /* Build configuration list for PBXProject "HelloWorld" */ = {
			isa = XCConfigurationList;
			buildConfigurations = (
				7BFEE8322510D5A1000B576F /* Debug */,
				7BFEE8332510D5A1000B576F /* Release */,
			);
			defaultConfigurationIsVisible = 0;
			defaultConfigurationName = Release;
		};
		7BFEE8342510D5A1000B576F /* Build configuration list for PBXNativeTarget "HelloWorld" */ = {
			isa = XCConfigurationList;
			buildConfigurations = (
				7BFEE8352510D5A1000B576F /* Debug */,
				7BFEE8362510D5A1000B576F /* Release */,
			);
			defaultConfigurationIsVisible = 0;
			defaultConfigurationName = Release;
		};
		7BFEE8372510D5A1000B576F /* Build configuration list for PBXNativeTarget "HelloWorldTests" */ = {
			isa = XCConfigurationList;
			buildConfigurations = (
				7BFEE8382510D5A1000B576F /* Debug */,
				7BFEE8392510D5A1000B576F /* Release */,
			);
			defaultConfigurationIsVisible = 0;
			defaultConfigurationName = Release;
		};
		7BFEE83A2510D5A1000B576F /* Build configuration list for PBXNativeTarget "HelloWorldUITests" */ = {
			isa = XCConfigurationList;
			buildConfigurations = (
				7BFEE83B2510D5A1000B576F /* Debug */,
				7BFEE83C2510D5A1000B576F /* Release */,
			);
			defaultConfigurationIsVisible = 0;
			defaultConfigurationName = Release;
		};
/* End XCConfigurationList section */
	};
	rootObject = 7BFEE8022510D59F000B576F /* Project object */;
}
